
Microsoft Visual Studio Solution File, Format Version 12.00
# Visual Studio 15
VisualStudioVersion = 15.0.27703.2042
MinimumVisualStudioVersion = 10.0.40219.1
Project("{FAE04EC0-301F-11D3-BF4B-00C04F79EFBC}") = "WebbrowerDemo", "WebbrowerDemo\WebbrowerDemo.csproj", "{32FC973A-671D-4983-9A07-2E4D48FB79C0}"
EndProject
Global
	GlobalSection(SolutionConfigurationPlatforms) = preSolution
		Debug|Any CPU = Debug|Any CPU
		Release|Any CPU = Release|Any CPU
	EndGlobalSection
	GlobalSection(ProjectConfigurationPlatforms) = postSolution
		{32FC973A-671D-4983-9A07-2E4D48FB79C0}.Debug|Any CPU.ActiveCfg = Debug|Any CPU
		{32FC973A-671D-4983-9A07-2E4D48FB79C0}.Debug|Any CPU.Build.0 = Debug|Any CPU
		{32FC973A-671D-4983-9A07-2E4D48FB79C0}.Release|Any CPU.ActiveCfg = Release|Any CPU
		{32FC973A-671D-4983-9A07-2E4D48FB79C0}.Release|Any CPU.Build.0 = Release|Any CPU
	EndGlobalSection
	GlobalSection(SolutionProperties) = preSolution
		HideSolutionNode = FALSE
	EndGlobalSection
	GlobalSection(ExtensibilityGlobals) = postSolution
		SolutionGuid = {D9460A6B-EE3E-4DBA-94B3-167C5BCC1991}
	EndGlobalSection
EndGlobal
